
Microsoft Visual Studio Solution File, Format Version 12.00
# Visual Studio 15
Project("{FAE04EC0-301F-11D3-BF4B-00C04F79EFBC}") = "Assembly-CSharp", "Assembly-CSharp.csproj", "{4DABB98E-9D14-AFD6-C651-F03AE45A85F4}"
EndProject
Project("{FAE04EC0-301F-11D3-BF4B-00C04F79EFBC}") = "Unity.Services.Core.Editor", "Unity.Services.Core.Editor.csproj", "{07A559EC-5045-4E6F-3BA4-FE5BB5870671}"
EndProject
Project("{FAE04EC0-301F-11D3-BF4B-00C04F79EFBC}") = "Unity.Nuget.NewtonsoftJson.EditorTests", "Unity.Nuget.NewtonsoftJson.EditorTests.csproj", "{B6223A46-DFEC-C19A-E469-A7AAA218C237}"
EndProject
Project("{FAE04EC0-301F-11D3-BF4B-00C04F79EFBC}") = "Assembly-CSharp-Editor", "Assembly-CSharp-Editor.csproj", "{5925EA73-B0A0-DDED-03F8-C106DA5F9B8E}"
EndProject
Global
	GlobalSection(SolutionConfigurationPlatforms) = preSolution
		Debug|Any CPU = Debug|Any CPU
		Release|Any CPU = Release|Any CPU
	EndGlobalSection
	GlobalSection(ProjectConfigurationPlatforms) = postSolution
		{4DABB98E-9D14-AFD6-C651-F03AE45A85F4}.Debug|Any CPU.ActiveCfg = Debug|Any CPU
		{4DABB98E-9D14-AFD6-C651-F03AE45A85F4}.Debug|Any CPU.Build.0 = Debug|Any CPU
		{4DABB98E-9D14-AFD6-C651-F03AE45A85F4}.Release|Any CPU.ActiveCfg = Release|Any CPU
		{4DABB98E-9D14-AFD6-C651-F03AE45A85F4}.Release|Any CPU.Build.0 = Release|Any CPU
		{07A559EC-5045-4E6F-3BA4-FE5BB5870671}.Debug|Any CPU.ActiveCfg = Debug|Any CPU
		{07A559EC-5045-4E6F-3BA4-FE5BB5870671}.Debug|Any CPU.Build.0 = Debug|Any CPU
		{07A559EC-5045-4E6F-3BA4-FE5BB5870671}.Release|Any CPU.ActiveCfg = Release|Any CPU
		{07A559EC-5045-4E6F-3BA4-FE5BB5870671}.Release|Any CPU.Build.0 = Release|Any CPU
		{B6223A46-DFEC-C19A-E469-A7AAA218C237}.Debug|Any CPU.ActiveCfg = Debug|Any CPU
		{B6223A46-DFEC-C19A-E469-A7AAA218C237}.Debug|Any CPU.Build.0 = Debug|Any CPU
		{B6223A46-DFEC-C19A-E469-A7AAA218C237}.Release|Any CPU.ActiveCfg = Release|Any CPU
		{B6223A46-DFEC-C19A-E469-A7AAA218C237}.Release|Any CPU.Build.0 = Release|Any CPU
		{5925EA73-B0A0-DDED-03F8-C106DA5F9B8E}.Debug|Any CPU.ActiveCfg = Debug|Any CPU
		{5925EA73-B0A0-DDED-03F8-C106DA5F9B8E}.Debug|Any CPU.Build.0 = Debug|Any CPU
		{5925EA73-B0A0-DDED-03F8-C106DA5F9B8E}.Release|Any CPU.ActiveCfg = Release|Any CPU
		{5925EA73-B0A0-DDED-03F8-C106DA5F9B8E}.Release|Any CPU.Build.0 = Release|Any CPU
	EndGlobalSection
	GlobalSection(SolutionProperties) = preSolution
		HideSolutionNode = FALSE
	EndGlobalSection
EndGlobal
